
Microsoft Visual Studio Solution File, Format Version 12.00
# Visual Studio Version 17
VisualStudioVersion = 17.3.32929.385
MinimumVisualStudioVersion = 10.0.40219.1
Project("{FAE04EC0-301F-11D3-BF4B-00C04F79EFBC}") = "WpfApp6", "WpfApp6\WpfApp6.csproj", "{E3A652C6-1D20-4B13-9B54-AB0A0B5756C0}"
EndProject
Global
	GlobalSection(SolutionConfigurationPlatforms) = preSolution
		Debug|Any CPU = Debug|Any CPU
		Release|Any CPU = Release|Any CPU
	EndGlobalSection
	GlobalSection(ProjectConfigurationPlatforms) = postSolution
		{E3A652C6-1D20-4B13-9B54-AB0A0B5756C0}.Debug|Any CPU.ActiveCfg = Debug|Any CPU
		{E3A652C6-1D20-4B13-9B54-AB0A0B5756C0}.Debug|Any CPU.Build.0 = Debug|Any CPU
		{E3A652C6-1D20-4B13-9B54-AB0A0B5756C0}.Release|Any CPU.ActiveCfg = Release|Any CPU
		{E3A652C6-1D20-4B13-9B54-AB0A0B5756C0}.Release|Any CPU.Build.0 = Release|Any CPU
	EndGlobalSection
	GlobalSection(SolutionProperties) = preSolution
		HideSolutionNode = FALSE
	EndGlobalSection
	GlobalSection(ExtensibilityGlobals) = postSolution
		SolutionGuid = {58D013AD-1EE8-4DB1-9722-3DDA9D241E5E}
	EndGlobalSection
EndGlobal
